// !$*UTF8*$!
{
	archiveVersion = 1;
	classes = {
	};
	objectVersion = 56;
	objects = {

/* Begin PBXBuildFile section */
		FD7EDE8C2C8A091B00050241 /* MyChallengeApp.swift in Sources */ = {isa = PBXBuildFile; fileRef = FD7EDE8B2C8A091B00050241 /* MyChallengeApp.swift */; };
		FD7EDE902C8A091D00050241 /* Assets.xcassets in Resources */ = {isa = PBXBuildFile; fileRef = FD7EDE8F2C8A091D00050241 /* Assets.xcassets */; };
		FD7EDE932C8A091D00050241 /* Preview Assets.xcassets in Resources */ = {isa = PBXBuildFile; fileRef = FD7EDE922C8A091D00050241 /* Preview Assets.xcassets */; };
		FD7EDE9D2C8A091D00050241 /* FetchBrandDetailsUseCaseTests.swift in Sources */ = {isa = PBXBuildFile; fileRef = FD7EDE9C2C8A091D00050241 /* FetchBrandDetailsUseCaseTests.swift */; };
		FD7EDECA2C8A105800050241 /* BrandDetails.swift in Sources */ = {isa = PBXBuildFile; fileRef = FD7EDEC92C8A105800050241 /* BrandDetails.swift */; };
		FD7EDECC2C8A19CA00050241 /* ProductDetails.swift in Sources */ = {isa = PBXBuildFile; fileRef = FD7EDECB2C8A19CA00050241 /* ProductDetails.swift */; };
		FD7EDECF2C8A219700050241 /* NetworkService.swift in Sources */ = {isa = PBXBuildFile; fileRef = FD7EDECE2C8A219700050241 /* NetworkService.swift */; };
		FD7EDED12C8A227B00050241 /* SallaRepository.swift in Sources */ = {isa = PBXBuildFile; fileRef = FD7EDED02C8A227B00050241 /* SallaRepository.swift */; };
		FD7EDED42C8A24EB00050241 /* FetchBrandDetailsUseCase.swift in Sources */ = {isa = PBXBuildFile; fileRef = FD7EDED32C8A24EB00050241 /* FetchBrandDetailsUseCase.swift */; };
		FD7EDED62C8A251700050241 /* FetchProductDetailsUseCase.swift in Sources */ = {isa = PBXBuildFile; fileRef = FD7EDED52C8A251700050241 /* FetchProductDetailsUseCase.swift */; };
		FD7EDEDA2C8A262B00050241 /* BrandDetailsViewModel.swift in Sources */ = {isa = PBXBuildFile; fileRef = FD7EDED92C8A262B00050241 /* BrandDetailsViewModel.swift */; };
		FD7EDEDC2C8A264500050241 /* ProductDetailsViewModel.swift in Sources */ = {isa = PBXBuildFile; fileRef = FD7EDEDB2C8A264500050241 /* ProductDetailsViewModel.swift */; };
		FD7EDEE02C8A26DC00050241 /* BrandDetailsView.swift in Sources */ = {isa = PBXBuildFile; fileRef = FD7EDEDF2C8A26DC00050241 /* BrandDetailsView.swift */; };
		FD7EDEE22C8A26F200050241 /* ProductDetailsView.swift in Sources */ = {isa = PBXBuildFile; fileRef = FD7EDEE12C8A26F200050241 /* ProductDetailsView.swift */; };
		FD7EDEE42C8A271600050241 /* AppContainer.swift in Sources */ = {isa = PBXBuildFile; fileRef = FD7EDEE32C8A271600050241 /* AppContainer.swift */; };
		FD7EDEE72C8A275900050241 /* Swinject in Frameworks */ = {isa = PBXBuildFile; productRef = FD7EDEE62C8A275900050241 /* Swinject */; };
		FD7EDEEC2C8A278900050241 /* DINNextLTArabic-Regular.ttf in Resources */ = {isa = PBXBuildFile; fileRef = FD7EDEE92C8A278900050241 /* DINNextLTArabic-Regular.ttf */; };
		FD7EDEED2C8A278900050241 /* Estedad-Medium.ttf in Resources */ = {isa = PBXBuildFile; fileRef = FD7EDEEA2C8A278900050241 /* Estedad-Medium.ttf */; };
		FD7EDEEE2C8A278900050241 /* Developers.json in Resources */ = {isa = PBXBuildFile; fileRef = FD7EDEEB2C8A278900050241 /* Developers.json */; };
		FD7EDEF42C8A304300050241 /* Font+Modifier.swift in Sources */ = {isa = PBXBuildFile; fileRef = FD7EDEF32C8A304300050241 /* Font+Modifier.swift */; };
		FD7EDEF62C8A4A7200050241 /* CornerRadius+Modifier.swift in Sources */ = {isa = PBXBuildFile; fileRef = FD7EDEF52C8A4A7200050241 /* CornerRadius+Modifier.swift */; };
		FD7EDEF82C8B09FB00050241 /* ProductCardView.swift in Sources */ = {isa = PBXBuildFile; fileRef = FD7EDEF72C8B09FB00050241 /* ProductCardView.swift */; };
		FD7EDF022C8B1EAC00050241 /* DeveloperAppConfigRepository.swift in Sources */ = {isa = PBXBuildFile; fileRef = FD7EDF012C8B1EAC00050241 /* DeveloperAppConfigRepository.swift */; };
		FD7EDF042C8B1F0B00050241 /* DeveloperAppConfig.swift in Sources */ = {isa = PBXBuildFile; fileRef = FD7EDF032C8B1F0B00050241 /* DeveloperAppConfig.swift */; };
		FD7EDF072C8B508C00050241 /* Color+Ext.swift in Sources */ = {isa = PBXBuildFile; fileRef = FD7EDF062C8B508C00050241 /* Color+Ext.swift */; };
		FD7EDF0B2C8B555200050241 /* Kingfisher in Frameworks */ = {isa = PBXBuildFile; productRef = FD7EDF0A2C8B555200050241 /* Kingfisher */; };
		FD7EDF0D2C8C73DD00050241 /* OfferView.swift in Sources */ = {isa = PBXBuildFile; fileRef = FD7EDF0C2C8C73DD00050241 /* OfferView.swift */; };
		FD7EDF102C8C783100050241 /* CustomErrorServer.swift in Sources */ = {isa = PBXBuildFile; fileRef = FD7EDF0F2C8C783100050241 /* CustomErrorServer.swift */; };
		FD7EDF122C8CAA2E00050241 /* Double+Ext.swift in Sources */ = {isa = PBXBuildFile; fileRef = FD7EDF112C8CAA2E00050241 /* Double+Ext.swift */; };
		FD7EDF142C8CAE3300050241 /* FetchProductDetailsUseCaseTests.swift in Sources */ = {isa = PBXBuildFile; fileRef = FD7EDF132C8CAE3300050241 /* FetchProductDetailsUseCaseTests.swift */; };
		FD7EDF172C8CAE7700050241 /* MockSallaRepository.swift in Sources */ = {isa = PBXBuildFile; fileRef = FD7EDF162C8CAE7700050241 /* MockSallaRepository.swift */; };
		FD7EDF192C8CAF1A00050241 /* DeveloperAppConfigRepositoryTests.swift in Sources */ = {isa = PBXBuildFile; fileRef = FD7EDF182C8CAF1A00050241 /* DeveloperAppConfigRepositoryTests.swift */; };
		FD7EDF1E2C8CB3D600050241 /* RealmSwift in Frameworks */ = {isa = PBXBuildFile; productRef = FD7EDF1D2C8CB3D600050241 /* RealmSwift */; };
		FD7EDF232C8CB6CF00050241 /* RealmBrandDetails.swift in Sources */ = {isa = PBXBuildFile; fileRef = FD7EDF222C8CB6CF00050241 /* RealmBrandDetails.swift */; };
		FD7EDF252C8CB71400050241 /* RealmProductDetails.swift in Sources */ = {isa = PBXBuildFile; fileRef = FD7EDF242C8CB71400050241 /* RealmProductDetails.swift */; };
		FD7EDF272C8CB7F800050241 /* RealmRepository.swift in Sources */ = {isa = PBXBuildFile; fileRef = FD7EDF262C8CB7F800050241 /* RealmRepository.swift */; };
		FD7EDF292C8CC01800050241 /* RealmRepositoryTests.swift in Sources */ = {isa = PBXBuildFile; fileRef = FD7EDF282C8CC01800050241 /* RealmRepositoryTests.swift */; };
		FD7EDF2B2C8CC24F00050241 /* RealmSwift in Frameworks */ = {isa = PBXBuildFile; productRef = FD7EDF2A2C8CC24F00050241 /* RealmSwift */; };
		FD7EDF2C2C8CC24F00050241 /* RealmSwift in Embed Frameworks */ = {isa = PBXBuildFile; productRef = FD7EDF2A2C8CC24F00050241 /* RealmSwift */; settings = {ATTRIBUTES = (CodeSignOnCopy, ); }; };
		FD7EDF302C8E083F00050241 /* NavigationBackport in Frameworks */ = {isa = PBXBuildFile; productRef = FD7EDF2F2C8E083F00050241 /* NavigationBackport */; };
/* End PBXBuildFile section */

/* Begin PBXContainerItemProxy section */
		FD7EDE992C8A091D00050241 /* PBXContainerItemProxy */ = {
			isa = PBXContainerItemProxy;
			containerPortal = FD7EDE802C8A091B00050241 /* Project object */;
			proxyType = 1;
			remoteGlobalIDString = FD7EDE872C8A091B00050241;
			remoteInfo = MyChallenge;
		};
/* End PBXContainerItemProxy section */

/* Begin PBXCopyFilesBuildPhase section */
		FD7EDF2D2C8CC24F00050241 /* Embed Frameworks */ = {
			isa = PBXCopyFilesBuildPhase;
			buildActionMask = 2147483647;
			dstPath = "";
			dstSubfolderSpec = 10;
			files = (
				FD7EDF2C2C8CC24F00050241 /* RealmSwift in Embed Frameworks */,
			);
			name = "Embed Frameworks";
			runOnlyForDeploymentPostprocessing = 0;
		};
/* End PBXCopyFilesBuildPhase section */

/* Begin PBXFileReference section */
		FD7EDE882C8A091B00050241 /* MyChallenge.app */ = {isa = PBXFileReference; explicitFileType = wrapper.application; includeInIndex = 0; path = MyChallenge.app; sourceTree = BUILT_PRODUCTS_DIR; };
		FD7EDE8B2C8A091B00050241 /* MyChallengeApp.swift */ = {isa = PBXFileReference; lastKnownFileType = sourcecode.swift; path = MyChallengeApp.swift; sourceTree = "<group>"; };
		FD7EDE8F2C8A091D00050241 /* Assets.xcassets */ = {isa = PBXFileReference; lastKnownFileType = folder.assetcatalog; path = Assets.xcassets; sourceTree = "<group>"; };
		FD7EDE922C8A091D00050241 /* Preview Assets.xcassets */ = {isa = PBXFileReference; lastKnownFileType = folder.assetcatalog; path = "Preview Assets.xcassets"; sourceTree = "<group>"; };
		FD7EDE982C8A091D00050241 /* MyChallengeTests.xctest */ = {isa = PBXFileReference; explicitFileType = wrapper.cfbundle; includeInIndex = 0; path = MyChallengeTests.xctest; sourceTree = BUILT_PRODUCTS_DIR; };
		FD7EDE9C2C8A091D00050241 /* FetchBrandDetailsUseCaseTests.swift */ = {isa = PBXFileReference; lastKnownFileType = sourcecode.swift; path = FetchBrandDetailsUseCaseTests.swift; sourceTree = "<group>"; };
		FD7EDEC92C8A105800050241 /* BrandDetails.swift */ = {isa = PBXFileReference; lastKnownFileType = sourcecode.swift; path = BrandDetails.swift; sourceTree = "<group>"; };
		FD7EDECB2C8A19CA00050241 /* ProductDetails.swift */ = {isa = PBXFileReference; lastKnownFileType = sourcecode.swift; path = ProductDetails.swift; sourceTree = "<group>"; };
		FD7EDECE2C8A219700050241 /* NetworkService.swift */ = {isa = PBXFileReference; lastKnownFileType = sourcecode.swift; path = NetworkService.swift; sourceTree = "<group>"; };
		FD7EDED02C8A227B00050241 /* SallaRepository.swift */ = {isa = PBXFileReference; lastKnownFileType = sourcecode.swift; path = SallaRepository.swift; sourceTree = "<group>"; };
		FD7EDED32C8A24EB00050241 /* FetchBrandDetailsUseCase.swift */ = {isa = PBXFileReference; lastKnownFileType = sourcecode.swift; path = FetchBrandDetailsUseCase.swift; sourceTree = "<group>"; };
		FD7EDED52C8A251700050241 /* FetchProductDetailsUseCase.swift */ = {isa = PBXFileReference; lastKnownFileType = sourcecode.swift; path = FetchProductDetailsUseCase.swift; sourceTree = "<group>"; };
		FD7EDED92C8A262B00050241 /* BrandDetailsViewModel.swift */ = {isa = PBXFileReference; lastKnownFileType = sourcecode.swift; path = BrandDetailsViewModel.swift; sourceTree = "<group>"; };
		FD7EDEDB2C8A264500050241 /* ProductDetailsViewModel.swift */ = {isa = PBXFileReference; lastKnownFileType = sourcecode.swift; path = ProductDetailsViewModel.swift; sourceTree = "<group>"; };
		FD7EDEDF2C8A26DC00050241 /* BrandDetailsView.swift */ = {isa = PBXFileReference; lastKnownFileType = sourcecode.swift; path = BrandDetailsView.swift; sourceTree = "<group>"; };
		FD7EDEE12C8A26F200050241 /* ProductDetailsView.swift */ = {isa = PBXFileReference; lastKnownFileType = sourcecode.swift; path = ProductDetailsView.swift; sourceTree = "<group>"; };
		FD7EDEE32C8A271600050241 /* AppContainer.swift */ = {isa = PBXFileReference; lastKnownFileType = sourcecode.swift; path = AppContainer.swift; sourceTree = "<group>"; };
		FD7EDEE92C8A278900050241 /* DINNextLTArabic-Regular.ttf */ = {isa = PBXFileReference; lastKnownFileType = file; path = "DINNextLTArabic-Regular.ttf"; sourceTree = "<group>"; };
		FD7EDEEA2C8A278900050241 /* Estedad-Medium.ttf */ = {isa = PBXFileReference; lastKnownFileType = file; path = "Estedad-Medium.ttf"; sourceTree = "<group>"; };
		FD7EDEEB2C8A278900050241 /* Developers.json */ = {isa = PBXFileReference; fileEncoding = 4; lastKnownFileType = text.json; path = Developers.json; sourceTree = "<group>"; };
		FD7EDEF02C8A290400050241 /* Info.plist */ = {isa = PBXFileReference; lastKnownFileType = text.plist.xml; path = Info.plist; sourceTree = "<group>"; };
		FD7EDEF32C8A304300050241 /* Font+Modifier.swift */ = {isa = PBXFileReference; lastKnownFileType = sourcecode.swift; path = "Font+Modifier.swift"; sourceTree = "<group>"; };
		FD7EDEF52C8A4A7200050241 /* CornerRadius+Modifier.swift */ = {isa = PBXFileReference; lastKnownFileType = sourcecode.swift; path = "CornerRadius+Modifier.swift"; sourceTree = "<group>"; };
		FD7EDEF72C8B09FB00050241 /* ProductCardView.swift */ = {isa = PBXFileReference; lastKnownFileType = sourcecode.swift; path = ProductCardView.swift; sourceTree = "<group>"; };
		FD7EDF012C8B1EAC00050241 /* DeveloperAppConfigRepository.swift */ = {isa = PBXFileReference; lastKnownFileType = sourcecode.swift; path = DeveloperAppConfigRepository.swift; sourceTree = "<group>"; };
		FD7EDF032C8B1F0B00050241 /* DeveloperAppConfig.swift */ = {isa = PBXFileReference; lastKnownFileType = sourcecode.swift; path = DeveloperAppConfig.swift; sourceTree = "<group>"; };
		FD7EDF062C8B508C00050241 /* Color+Ext.swift */ = {isa = PBXFileReference; lastKnownFileType = sourcecode.swift; path = "Color+Ext.swift"; sourceTree = "<group>"; };
		FD7EDF0C2C8C73DD00050241 /* OfferView.swift */ = {isa = PBXFileReference; lastKnownFileType = sourcecode.swift; path = OfferView.swift; sourceTree = "<group>"; };
		FD7EDF0F2C8C783100050241 /* CustomErrorServer.swift */ = {isa = PBXFileReference; lastKnownFileType = sourcecode.swift; path = CustomErrorServer.swift; sourceTree = "<group>"; };
		FD7EDF112C8CAA2E00050241 /* Double+Ext.swift */ = {isa = PBXFileReference; lastKnownFileType = sourcecode.swift; path = "Double+Ext.swift"; sourceTree = "<group>"; };
		FD7EDF132C8CAE3300050241 /* FetchProductDetailsUseCaseTests.swift */ = {isa = PBXFileReference; lastKnownFileType = sourcecode.swift; path = FetchProductDetailsUseCaseTests.swift; sourceTree = "<group>"; };
		FD7EDF162C8CAE7700050241 /* MockSallaRepository.swift */ = {isa = PBXFileReference; lastKnownFileType = sourcecode.swift; path = MockSallaRepository.swift; sourceTree = "<group>"; };
		FD7EDF182C8CAF1A00050241 /* DeveloperAppConfigRepositoryTests.swift */ = {isa = PBXFileReference; lastKnownFileType = sourcecode.swift; path = DeveloperAppConfigRepositoryTests.swift; sourceTree = "<group>"; };
		FD7EDF222C8CB6CF00050241 /* RealmBrandDetails.swift */ = {isa = PBXFileReference; lastKnownFileType = sourcecode.swift; path = RealmBrandDetails.swift; sourceTree = "<group>"; };
		FD7EDF242C8CB71400050241 /* RealmProductDetails.swift */ = {isa = PBXFileReference; lastKnownFileType = sourcecode.swift; path = RealmProductDetails.swift; sourceTree = "<group>"; };
		FD7EDF262C8CB7F800050241 /* RealmRepository.swift */ = {isa = PBXFileReference; lastKnownFileType = sourcecode.swift; path = RealmRepository.swift; sourceTree = "<group>"; };
		FD7EDF282C8CC01800050241 /* RealmRepositoryTests.swift */ = {isa = PBXFileReference; lastKnownFileType = sourcecode.swift; path = RealmRepositoryTests.swift; sourceTree = "<group>"; };
/* End PBXFileReference section */

/* Begin PBXFrameworksBuildPhase section */
		FD7EDE852C8A091B00050241 /* Frameworks */ = {
			isa = PBXFrameworksBuildPhase;
			buildActionMask = 2147483647;
			files = (
				FD7EDF302C8E083F00050241 /* NavigationBackport in Frameworks */,
				FD7EDF1E2C8CB3D600050241 /* RealmSwift in Frameworks */,
				FD7EDF0B2C8B555200050241 /* Kingfisher in Frameworks */,
				FD7EDEE72C8A275900050241 /* Swinject in Frameworks */,
			);
			runOnlyForDeploymentPostprocessing = 0;
		};
		FD7EDE952C8A091D00050241 /* Frameworks */ = {
			isa = PBXFrameworksBuildPhase;
			buildActionMask = 2147483647;
			files = (
				FD7EDF2B2C8CC24F00050241 /* RealmSwift in Frameworks */,
			);
			runOnlyForDeploymentPostprocessing = 0;
		};
/* End PBXFrameworksBuildPhase section */

/* Begin PBXGroup section */
		FD7EDE7F2C8A091B00050241 = {
			isa = PBXGroup;
			children = (
				FD7EDE8A2C8A091B00050241 /* MyChallenge */,
				FD7EDE9B2C8A091D00050241 /* MyChallengeTests */,
				FD7EDE892C8A091B00050241 /* Products */,
				FD7EDF092C8B555200050241 /* Frameworks */,
			);
			sourceTree = "<group>";
		};
		FD7EDE892C8A091B00050241 /* Products */ = {
			isa = PBXGroup;
			children = (
				FD7EDE882C8A091B00050241 /* MyChallenge.app */,
				FD7EDE982C8A091D00050241 /* MyChallengeTests.xctest */,
			);
			name = Products;
			sourceTree = "<group>";
		};
		FD7EDE8A2C8A091B00050241 /* MyChallenge */ = {
			isa = PBXGroup;
			children = (
				FD7EDEF02C8A290400050241 /* Info.plist */,
				FD7EDE8B2C8A091B00050241 /* MyChallengeApp.swift */,
				FD7EDEE32C8A271600050241 /* AppContainer.swift */,
				FD7EDECD2C8A215900050241 /* Data */,
				FD7EDED22C8A228200050241 /* Domain */,
				FD7EDED72C8A254200050241 /* Presentation */,
				FD7EDEE82C8A276D00050241 /* Resources */,
				FD7EDE912C8A091D00050241 /* Preview Content */,
			);
			path = MyChallenge;
			sourceTree = "<group>";
		};
		FD7EDE912C8A091D00050241 /* Preview Content */ = {
			isa = PBXGroup;
			children = (
				FD7EDE922C8A091D00050241 /* Preview Assets.xcassets */,
			);
			path = "Preview Content";
			sourceTree = "<group>";
		};
		FD7EDE9B2C8A091D00050241 /* MyChallengeTests */ = {
			isa = PBXGroup;
			children = (
				FD7EDF152C8CAE6D00050241 /* Mock */,
				FD7EDE9C2C8A091D00050241 /* FetchBrandDetailsUseCaseTests.swift */,
				FD7EDF132C8CAE3300050241 /* FetchProductDetailsUseCaseTests.swift */,
				FD7EDF182C8CAF1A00050241 /* DeveloperAppConfigRepositoryTests.swift */,
				FD7EDF282C8CC01800050241 /* RealmRepositoryTests.swift */,
			);
			path = MyChallengeTests;
			sourceTree = "<group>";
		};
		FD7EDEB52C8A096400050241 /* Models */ = {
			isa = PBXGroup;
			children = (
				FD7EDF1F2C8CB61E00050241 /* API */,
				FD7EDF202C8CB62B00050241 /* Local */,
				FD7EDF212C8CB69000050241 /* RealmModels */,
			);
			path = Models;
			sourceTree = "<group>";
		};
		FD7EDECD2C8A215900050241 /* Data */ = {
			isa = PBXGroup;
			children = (
				FD7EDECE2C8A219700050241 /* NetworkService.swift */,
				FD7EDED02C8A227B00050241 /* SallaRepository.swift */,
				FD7EDF012C8B1EAC00050241 /* DeveloperAppConfigRepository.swift */,
				FD7EDF262C8CB7F800050241 /* RealmRepository.swift */,
				FD7EDEB52C8A096400050241 /* Models */,
			);
			path = Data;
			sourceTree = "<group>";
		};
		FD7EDED22C8A228200050241 /* Domain */ = {
			isa = PBXGroup;
			children = (
				FD7EDED32C8A24EB00050241 /* FetchBrandDetailsUseCase.swift */,
				FD7EDED52C8A251700050241 /* FetchProductDetailsUseCase.swift */,
			);
			path = Domain;
			sourceTree = "<group>";
		};
		FD7EDED72C8A254200050241 /* Presentation */ = {
			isa = PBXGroup;
			children = (
				FD7EDED82C8A256900050241 /* ViewModels */,
				FD7EDEDD2C8A269700050241 /* Views */,
			);
			path = Presentation;
			sourceTree = "<group>";
		};
		FD7EDED82C8A256900050241 /* ViewModels */ = {
			isa = PBXGroup;
			children = (
				FD7EDED92C8A262B00050241 /* BrandDetailsViewModel.swift */,
				FD7EDEDB2C8A264500050241 /* ProductDetailsViewModel.swift */,
			);
			path = ViewModels;
			sourceTree = "<group>";
		};
		FD7EDEDD2C8A269700050241 /* Views */ = {
			isa = PBXGroup;
			children = (
				FD7EDEDF2C8A26DC00050241 /* BrandDetailsView.swift */,
				FD7EDEE12C8A26F200050241 /* ProductDetailsView.swift */,
				FD7EDF0E2C8C73F000050241 /* Sub Views */,
				FD7EDEF12C8A301A00050241 /* Util */,
			);
			path = Views;
			sourceTree = "<group>";
		};
		FD7EDEE82C8A276D00050241 /* Resources */ = {
			isa = PBXGroup;
			children = (
				FD7EDE8F2C8A091D00050241 /* Assets.xcassets */,
				FD7EDEEB2C8A278900050241 /* Developers.json */,
				FD7EDEE92C8A278900050241 /* DINNextLTArabic-Regular.ttf */,
				FD7EDEEA2C8A278900050241 /* Estedad-Medium.ttf */,
			);
			path = Resources;
			sourceTree = "<group>";
		};
		FD7EDEF12C8A301A00050241 /* Util */ = {
			isa = PBXGroup;
			children = (
				FD7EDF052C8B507800050241 /* Extention */,
				FD7EDEF22C8A302200050241 /* Modifier */,
			);
			path = Util;
			sourceTree = "<group>";
		};
		FD7EDEF22C8A302200050241 /* Modifier */ = {
			isa = PBXGroup;
			children = (
				FD7EDEF32C8A304300050241 /* Font+Modifier.swift */,
				FD7EDEF52C8A4A7200050241 /* CornerRadius+Modifier.swift */,
			);
			path = Modifier;
			sourceTree = "<group>";
		};
		FD7EDF052C8B507800050241 /* Extention */ = {
			isa = PBXGroup;
			children = (
				FD7EDF062C8B508C00050241 /* Color+Ext.swift */,
				FD7EDF112C8CAA2E00050241 /* Double+Ext.swift */,
			);
			path = Extention;
			sourceTree = "<group>";
		};
		FD7EDF092C8B555200050241 /* Frameworks */ = {
			isa = PBXGroup;
			children = (
			);
			name = Frameworks;
			sourceTree = "<group>";
		};
		FD7EDF0E2C8C73F000050241 /* Sub Views */ = {
			isa = PBXGroup;
			children = (
				FD7EDEF72C8B09FB00050241 /* ProductCardView.swift */,
				FD7EDF0C2C8C73DD00050241 /* OfferView.swift */,
			);
			path = "Sub Views";
			sourceTree = "<group>";
		};
		FD7EDF152C8CAE6D00050241 /* Mock */ = {
			isa = PBXGroup;
			children = (
				FD7EDF162C8CAE7700050241 /* MockSallaRepository.swift */,
			);
			path = Mock;
			sourceTree = "<group>";
		};
		FD7EDF1F2C8CB61E00050241 /* API */ = {
			isa = PBXGroup;
			children = (
				FD7EDEC92C8A105800050241 /* BrandDetails.swift */,
				FD7EDECB2C8A19CA00050241 /* ProductDetails.swift */,
				FD7EDF0F2C8C783100050241 /* CustomErrorServer.swift */,
			);
			path = API;
			sourceTree = "<group>";
		};
		FD7EDF202C8CB62B00050241 /* Local */ = {
			isa = PBXGroup;
			children = (
				FD7EDF032C8B1F0B00050241 /* DeveloperAppConfig.swift */,
			);
			path = Local;
			sourceTree = "<group>";
		};
		FD7EDF212C8CB69000050241 /* RealmModels */ = {
			isa = PBXGroup;
			children = (
				FD7EDF222C8CB6CF00050241 /* RealmBrandDetails.swift */,
				FD7EDF242C8CB71400050241 /* RealmProductDetails.swift */,
			);
			path = RealmModels;
			sourceTree = "<group>";
		};
/* End PBXGroup section */

/* Begin PBXNativeTarget section */
		FD7EDE872C8A091B00050241 /* MyChallenge */ = {
			isa = PBXNativeTarget;
			buildConfigurationList = FD7EDEAC2C8A091D00050241 /* Build configuration list for PBXNativeTarget "MyChallenge" */;
			buildPhases = (
				FD7EDE842C8A091B00050241 /* Sources */,
				FD7EDE852C8A091B00050241 /* Frameworks */,
				FD7EDE862C8A091B00050241 /* Resources */,
			);
			buildRules = (
			);
			dependencies = (
			);
			name = MyChallenge;
			packageProductDependencies = (
				FD7EDEE62C8A275900050241 /* Swinject */,
				FD7EDF0A2C8B555200050241 /* Kingfisher */,
				FD7EDF1D2C8CB3D600050241 /* RealmSwift */,
				FD7EDF2F2C8E083F00050241 /* NavigationBackport */,
			);
			productName = MyChallenge;
			productReference = FD7EDE882C8A091B00050241 /* MyChallenge.app */;
			productType = "com.apple.product-type.application";
		};
		FD7EDE972C8A091D00050241 /* MyChallengeTests */ = {
			isa = PBXNativeTarget;
			buildConfigurationList = FD7EDEAF2C8A091D00050241 /* Build configuration list for PBXNativeTarget "MyChallengeTests" */;
			buildPhases = (
				FD7EDE942C8A091D00050241 /* Sources */,
				FD7EDE952C8A091D00050241 /* Frameworks */,
				FD7EDE962C8A091D00050241 /* Resources */,
				FD7EDF2D2C8CC24F00050241 /* Embed Frameworks */,
			);
			buildRules = (
			);
			dependencies = (
				FD7EDE9A2C8A091D00050241 /* PBXTargetDependency */,
			);
			name = MyChallengeTests;
			packageProductDependencies = (
				FD7EDF2A2C8CC24F00050241 /* RealmSwift */,
			);
			productName = MyChallengeTests;
			productReference = FD7EDE982C8A091D00050241 /* MyChallengeTests.xctest */;
			productType = "com.apple.product-type.bundle.unit-test";
		};
/* End PBXNativeTarget section */

/* Begin PBXProject section */
		FD7EDE802C8A091B00050241 /* Project object */ = {
			isa = PBXProject;
			attributes = {
				BuildIndependentTargetsInParallel = 1;
				LastSwiftUpdateCheck = 1540;
				LastUpgradeCheck = 1540;
				TargetAttributes = {
					FD7EDE872C8A091B00050241 = {
						CreatedOnToolsVersion = 15.4;
					};
					FD7EDE972C8A091D00050241 = {
						CreatedOnToolsVersion = 15.4;
						TestTargetID = FD7EDE872C8A091B00050241;
					};
				};
			};
			buildConfigurationList = FD7EDE832C8A091B00050241 /* Build configuration list for PBXProject "MyChallenge" */;
			compatibilityVersion = "Xcode 14.0";
			developmentRegion = en;
			hasScannedForEncodings = 0;
			knownRegions = (
				en,
				Base,
			);
			mainGroup = FD7EDE7F2C8A091B00050241;
			packageReferences = (
				FD7EDEE52C8A275900050241 /* XCRemoteSwiftPackageReference "Swinject" */,
				FD7EDF082C8B54ED00050241 /* XCRemoteSwiftPackageReference "Kingfisher" */,
				FD7EDF1A2C8CB3D600050241 /* XCRemoteSwiftPackageReference "realm-swift" */,
				FD7EDF2E2C8E07F500050241 /* XCRemoteSwiftPackageReference "NavigationBackport" */,
			);
			productRefGroup = FD7EDE892C8A091B00050241 /* Products */;
			projectDirPath = "";
			projectRoot = "";
			targets = (
				FD7EDE872C8A091B00050241 /* MyChallenge */,
				FD7EDE972C8A091D00050241 /* MyChallengeTests */,
			);
		};
/* End PBXProject section */

/* Begin PBXResourcesBuildPhase section */
		FD7EDE862C8A091B00050241 /* Resources */ = {
			isa = PBXResourcesBuildPhase;
			buildActionMask = 2147483647;
			files = (
				FD7EDE932C8A091D00050241 /* Preview Assets.xcassets in Resources */,
				FD7EDE902C8A091D00050241 /* Assets.xcassets in Resources */,
				FD7EDEED2C8A278900050241 /* Estedad-Medium.ttf in Resources */,
				FD7EDEEC2C8A278900050241 /* DINNextLTArabic-Regular.ttf in Resources */,
				FD7EDEEE2C8A278900050241 /* Developers.json in Resources */,
			);
			runOnlyForDeploymentPostprocessing = 0;
		};
		FD7EDE962C8A091D00050241 /* Resources */ = {
			isa = PBXResourcesBuildPhase;
			buildActionMask = 2147483647;
			files = (
			);
			runOnlyForDeploymentPostprocessing = 0;
		};
/* End PBXResourcesBuildPhase section */

/* Begin PBXSourcesBuildPhase section */
		FD7EDE842C8A091B00050241 /* Sources */ = {
			isa = PBXSourcesBuildPhase;
			buildActionMask = 2147483647;
			files = (
				FD7EDECF2C8A219700050241 /* NetworkService.swift in Sources */,
				FD7EDEDC2C8A264500050241 /* ProductDetailsViewModel.swift in Sources */,
				FD7EDF232C8CB6CF00050241 /* RealmBrandDetails.swift in Sources */,
				FD7EDF0D2C8C73DD00050241 /* OfferView.swift in Sources */,
				FD7EDF022C8B1EAC00050241 /* DeveloperAppConfigRepository.swift in Sources */,
				FD7EDECA2C8A105800050241 /* BrandDetails.swift in Sources */,
				FD7EDED62C8A251700050241 /* FetchProductDetailsUseCase.swift in Sources */,
				FD7EDECC2C8A19CA00050241 /* ProductDetails.swift in Sources */,
				FD7EDF042C8B1F0B00050241 /* DeveloperAppConfig.swift in Sources */,
				FD7EDEF42C8A304300050241 /* Font+Modifier.swift in Sources */,
				FD7EDEE42C8A271600050241 /* AppContainer.swift in Sources */,
				FD7EDEF62C8A4A7200050241 /* CornerRadius+Modifier.swift in Sources */,
				FD7EDF122C8CAA2E00050241 /* Double+Ext.swift in Sources */,
				FD7EDEE22C8A26F200050241 /* ProductDetailsView.swift in Sources */,
				FD7EDF072C8B508C00050241 /* Color+Ext.swift in Sources */,
				FD7EDEF82C8B09FB00050241 /* ProductCardView.swift in Sources */,
				FD7EDF252C8CB71400050241 /* RealmProductDetails.swift in Sources */,
				FD7EDF272C8CB7F800050241 /* RealmRepository.swift in Sources */,
				FD7EDF102C8C783100050241 /* CustomErrorServer.swift in Sources */,
				FD7EDEE02C8A26DC00050241 /* BrandDetailsView.swift in Sources */,
				FD7EDEDA2C8A262B00050241 /* BrandDetailsViewModel.swift in Sources */,
				FD7EDED42C8A24EB00050241 /* FetchBrandDetailsUseCase.swift in Sources */,
				FD7EDE8C2C8A091B00050241 /* MyChallengeApp.swift in Sources */,
				FD7EDED12C8A227B00050241 /* SallaRepository.swift in Sources */,
			);
			runOnlyForDeploymentPostprocessing = 0;
		};
		FD7EDE942C8A091D00050241 /* Sources */ = {
			isa = PBXSourcesBuildPhase;
			buildActionMask = 2147483647;
			files = (
				FD7EDE9D2C8A091D00050241 /* FetchBrandDetailsUseCaseTests.swift in Sources */,
				FD7EDF292C8CC01800050241 /* RealmRepositoryTests.swift in Sources */,
				FD7EDF142C8CAE3300050241 /* FetchProductDetailsUseCaseTests.swift in Sources */,
				FD7EDF172C8CAE7700050241 /* MockSallaRepository.swift in Sources */,
				FD7EDF192C8CAF1A00050241 /* DeveloperAppConfigRepositoryTests.swift in Sources */,
			);
			runOnlyForDeploymentPostprocessing = 0;
		};
/* End PBXSourcesBuildPhase section */

/* Begin PBXTargetDependency section */
		FD7EDE9A2C8A091D00050241 /* PBXTargetDependency */ = {
			isa = PBXTargetDependency;
			target = FD7EDE872C8A091B00050241 /* MyChallenge */;
			targetProxy = FD7EDE992C8A091D00050241 /* PBXContainerItemProxy */;
		};
/* End PBXTargetDependency section */

/* Begin XCBuildConfiguration section */
		FD7EDEAA2C8A091D00050241 /* Debug */ = {
			isa = XCBuildConfiguration;
			buildSettings = {
				ALWAYS_SEARCH_USER_PATHS = NO;
				ASSETCATALOG_COMPILER_GENERATE_SWIFT_ASSET_SYMBOL_EXTENSIONS = YES;
				CLANG_ANALYZER_NONNULL = YES;
				CLANG_ANALYZER_NUMBER_OBJECT_CONVERSION = YES_AGGRESSIVE;
				CLANG_CXX_LANGUAGE_STANDARD = "gnu++20";
				CLANG_ENABLE_MODULES = YES;
				CLANG_ENABLE_OBJC_ARC = YES;
				CLANG_ENABLE_OBJC_WEAK = YES;
				CLANG_WARN_BLOCK_CAPTURE_AUTORELEASING = YES;
				CLANG_WARN_BOOL_CONVERSION = YES;
				CLANG_WARN_COMMA = YES;
				CLANG_WARN_CONSTANT_CONVERSION = YES;
				CLANG_WARN_DEPRECATED_OBJC_IMPLEMENTATIONS = YES;
				CLANG_WARN_DIRECT_OBJC_ISA_USAGE = YES_ERROR;
				CLANG_WARN_DOCUMENTATION_COMMENTS = YES;
				CLANG_WARN_EMPTY_BODY = YES;
				CLANG_WARN_ENUM_CONVERSION = YES;
				CLANG_WARN_INFINITE_RECURSION = YES;
				CLANG_WARN_INT_CONVERSION = YES;
				CLANG_WARN_NON_LITERAL_NULL_CONVERSION = YES;
				CLANG_WARN_OBJC_IMPLICIT_RETAIN_SELF = YES;
				CLANG_WARN_OBJC_LITERAL_CONVERSION = YES;
				CLANG_WARN_OBJC_ROOT_CLASS = YES_ERROR;
				CLANG_WARN_QUOTED_INCLUDE_IN_FRAMEWORK_HEADER = YES;
				CLANG_WARN_RANGE_LOOP_ANALYSIS = YES;
				CLANG_WARN_STRICT_PROTOTYPES = YES;
				CLANG_WARN_SUSPICIOUS_MOVE = YES;
				CLANG_WARN_UNGUARDED_AVAILABILITY = YES_AGGRESSIVE;
				CLANG_WARN_UNREACHABLE_CODE = YES;
				CLANG_WARN__DUPLICATE_METHOD_MATCH = YES;
				COPY_PHASE_STRIP = NO;
				DEBUG_INFORMATION_FORMAT = dwarf;
				ENABLE_STRICT_OBJC_MSGSEND = YES;
				ENABLE_TESTABILITY = YES;
				ENABLE_USER_SCRIPT_SANDBOXING = YES;
				GCC_C_LANGUAGE_STANDARD = gnu17;
				GCC_DYNAMIC_NO_PIC = NO;
				GCC_NO_COMMON_BLOCKS = YES;
				GCC_OPTIMIZATION_LEVEL = 0;
				GCC_PREPROCESSOR_DEFINITIONS = (
					"DEBUG=1",
					"$(inherited)",
				);
				GCC_WARN_64_TO_32_BIT_CONVERSION = YES;
				GCC_WARN_ABOUT_RETURN_TYPE = YES_ERROR;
				GCC_WARN_UNDECLARED_SELECTOR = YES;
				GCC_WARN_UNINITIALIZED_AUTOS = YES_AGGRESSIVE;
				GCC_WARN_UNUSED_FUNCTION = YES;
				GCC_WARN_UNUSED_VARIABLE = YES;
				IPHONEOS_DEPLOYMENT_TARGET = 17.5;
				LOCALIZATION_PREFERS_STRING_CATALOGS = YES;
				MTL_ENABLE_DEBUG_INFO = INCLUDE_SOURCE;
				MTL_FAST_MATH = YES;
				ONLY_ACTIVE_ARCH = YES;
				SDKROOT = iphoneos;
				SWIFT_ACTIVE_COMPILATION_CONDITIONS = "DEBUG $(inherited)";
				SWIFT_OPTIMIZATION_LEVEL = "-Onone";
			};
			name = Debug;
		};
		FD7EDEAB2C8A091D00050241 /* Release */ = {
			isa = XCBuildConfiguration;
			buildSettings = {
				ALWAYS_SEARCH_USER_PATHS = NO;
				ASSETCATALOG_COMPILER_GENERATE_SWIFT_ASSET_SYMBOL_EXTENSIONS = YES;
				CLANG_ANALYZER_NONNULL = YES;
				CLANG_ANALYZER_NUMBER_OBJECT_CONVERSION = YES_AGGRESSIVE;
				CLANG_CXX_LANGUAGE_STANDARD = "gnu++20";
				CLANG_ENABLE_MODULES = YES;
				CLANG_ENABLE_OBJC_ARC = YES;
				CLANG_ENABLE_OBJC_WEAK = YES;
				CLANG_WARN_BLOCK_CAPTURE_AUTORELEASING = YES;
				CLANG_WARN_BOOL_CONVERSION = YES;
				CLANG_WARN_COMMA = YES;
				CLANG_WARN_CONSTANT_CONVERSION = YES;
				CLANG_WARN_DEPRECATED_OBJC_IMPLEMENTATIONS = YES;
				CLANG_WARN_DIRECT_OBJC_ISA_USAGE = YES_ERROR;
				CLANG_WARN_DOCUMENTATION_COMMENTS = YES;
				CLANG_WARN_EMPTY_BODY = YES;
				CLANG_WARN_ENUM_CONVERSION = YES;
				CLANG_WARN_INFINITE_RECURSION = YES;
				CLANG_WARN_INT_CONVERSION = YES;
				CLANG_WARN_NON_LITERAL_NULL_CONVERSION = YES;
				CLANG_WARN_OBJC_IMPLICIT_RETAIN_SELF = YES;
				CLANG_WARN_OBJC_LITERAL_CONVERSION = YES;
				CLANG_WARN_OBJC_ROOT_CLASS = YES_ERROR;
				CLANG_WARN_QUOTED_INCLUDE_IN_FRAMEWORK_HEADER = YES;
				CLANG_WARN_RANGE_LOOP_ANALYSIS = YES;
				CLANG_WARN_STRICT_PROTOTYPES = YES;
				CLANG_WARN_SUSPICIOUS_MOVE = YES;
				CLANG_WARN_UNGUARDED_AVAILABILITY = YES_AGGRESSIVE;
				CLANG_WARN_UNREACHABLE_CODE = YES;
				CLANG_WARN__DUPLICATE_METHOD_MATCH = YES;
				COPY_PHASE_STRIP = NO;
				DEBUG_INFORMATION_FORMAT = "dwarf-with-dsym";
				ENABLE_NS_ASSERTIONS = NO;
				ENABLE_STRICT_OBJC_MSGSEND = YES;
				ENABLE_USER_SCRIPT_SANDBOXING = YES;
				GCC_C_LANGUAGE_STANDARD = gnu17;
				GCC_NO_COMMON_BLOCKS = YES;
				GCC_WARN_64_TO_32_BIT_CONVERSION = YES;
				GCC_WARN_ABOUT_RETURN_TYPE = YES_ERROR;
				GCC_WARN_UNDECLARED_SELECTOR = YES;
				GCC_WARN_UNINITIALIZED_AUTOS = YES_AGGRESSIVE;
				GCC_WARN_UNUSED_FUNCTION = YES;
				GCC_WARN_UNUSED_VARIABLE = YES;
				IPHONEOS_DEPLOYMENT_TARGET = 17.5;
				LOCALIZATION_PREFERS_STRING_CATALOGS = YES;
				MTL_ENABLE_DEBUG_INFO = NO;
				MTL_FAST_MATH = YES;
				SDKROOT = iphoneos;
				SWIFT_COMPILATION_MODE = wholemodule;
				VALIDATE_PRODUCT = YES;
			};
			name = Release;
		};
		FD7EDEAD2C8A091D00050241 /* Debug */ = {
			isa = XCBuildConfiguration;
			buildSettings = {
				ASSETCATALOG_COMPILER_APPICON_NAME = AppIcon;
				ASSETCATALOG_COMPILER_GLOBAL_ACCENT_COLOR_NAME = AccentColor;
				CODE_SIGN_STYLE = Automatic;
				CURRENT_PROJECT_VERSION = 1;
				DEVELOPMENT_ASSET_PATHS = "\"MyChallenge/Preview Content\"";
				DEVELOPMENT_TEAM = CP92CMD5E4;
				ENABLE_PREVIEWS = YES;
				GENERATE_INFOPLIST_FILE = YES;
				INFOPLIST_FILE = MyChallenge/Info.plist;
				INFOPLIST_KEY_UIApplicationSceneManifest_Generation = YES;
				INFOPLIST_KEY_UIApplicationSupportsIndirectInputEvents = YES;
				INFOPLIST_KEY_UILaunchScreen_Generation = YES;
				INFOPLIST_KEY_UISupportedInterfaceOrientations_iPad = "UIInterfaceOrientationPortrait UIInterfaceOrientationPortraitUpsideDown UIInterfaceOrientationLandscapeLeft UIInterfaceOrientationLandscapeRight";
				INFOPLIST_KEY_UISupportedInterfaceOrientations_iPhone = "UIInterfaceOrientationPortrait UIInterfaceOrientationLandscapeLeft UIInterfaceOrientationLandscapeRight";
				INFOPLIST_KEY_UIUserInterfaceStyle = Light;
				IPHONEOS_DEPLOYMENT_TARGET = 15.0;
				LD_RUNPATH_SEARCH_PATHS = (
					"$(inherited)",
					"@executable_path/Frameworks",
				);
				MARKETING_VERSION = 1.0;
				PRODUCT_BUNDLE_IDENTIFIER = com.Basel.MyChallenge;
				PRODUCT_NAME = "$(TARGET_NAME)";
				SWIFT_EMIT_LOC_STRINGS = YES;
				SWIFT_VERSION = 5.0;
				TARGETED_DEVICE_FAMILY = "1,2";
			};
			name = Debug;
		};
		FD7EDEAE2C8A091D00050241 /* Release */ = {
			isa = XCBuildConfiguration;
			buildSettings = {
				ASSETCATALOG_COMPILER_APPICON_NAME = AppIcon;
				ASSETCATALOG_COMPILER_GLOBAL_ACCENT_COLOR_NAME = AccentColor;
				CODE_SIGN_STYLE = Automatic;
				CURRENT_PROJECT_VERSION = 1;
				DEVELOPMENT_ASSET_PATHS = "\"MyChallenge/Preview Content\"";
				DEVELOPMENT_TEAM = CP92CMD5E4;
				ENABLE_PREVIEWS = YES;
				GENERATE_INFOPLIST_FILE = YES;
				INFOPLIST_FILE = MyChallenge/Info.plist;
				INFOPLIST_KEY_UIApplicationSceneManifest_Generation = YES;
				INFOPLIST_KEY_UIApplicationSupportsIndirectInputEvents = YES;
				INFOPLIST_KEY_UILaunchScreen_Generation = YES;
				INFOPLIST_KEY_UISupportedInterfaceOrientations_iPad = "UIInterfaceOrientationPortrait UIInterfaceOrientationPortraitUpsideDown UIInterfaceOrientationLandscapeLeft UIInterfaceOrientationLandscapeRight";
				INFOPLIST_KEY_UISupportedInterfaceOrientations_iPhone = "UIInterfaceOrientationPortrait UIInterfaceOrientationLandscapeLeft UIInterfaceOrientationLandscapeRight";
				INFOPLIST_KEY_UIUserInterfaceStyle = Light;
				IPHONEOS_DEPLOYMENT_TARGET = 15.0;
				LD_RUNPATH_SEARCH_PATHS = (
					"$(inherited)",
					"@executable_path/Frameworks",
				);
				MARKETING_VERSION = 1.0;
				PRODUCT_BUNDLE_IDENTIFIER = com.Basel.MyChallenge;
				PRODUCT_NAME = "$(TARGET_NAME)";
				SWIFT_EMIT_LOC_STRINGS = YES;
				SWIFT_VERSION = 5.0;
				TARGETED_DEVICE_FAMILY = "1,2";
			};
			name = Release;
		};
		FD7EDEB02C8A091D00050241 /* Debug */ = {
			isa = XCBuildConfiguration;
			buildSettings = {
				ALWAYS_EMBED_SWIFT_STANDARD_LIBRARIES = YES;
				BUNDLE_LOADER = "$(TEST_HOST)";
				CODE_SIGN_STYLE = Automatic;
				CURRENT_PROJECT_VERSION = 1;
				DEVELOPMENT_TEAM = CP92CMD5E4;
				GENERATE_INFOPLIST_FILE = YES;
				IPHONEOS_DEPLOYMENT_TARGET = 15.0;
				MARKETING_VERSION = 1.0;
				PRODUCT_BUNDLE_IDENTIFIER = com.Basel.MyChallengeTests;
				PRODUCT_NAME = "$(TARGET_NAME)";
				SWIFT_EMIT_LOC_STRINGS = NO;
				SWIFT_VERSION = 5.0;
				TARGETED_DEVICE_FAMILY = "1,2";
				TEST_HOST = "$(BUILT_PRODUCTS_DIR)/MyChallenge.app/$(BUNDLE_EXECUTABLE_FOLDER_PATH)/MyChallenge";
			};
			name = Debug;
		};
		FD7EDEB12C8A091D00050241 /* Release */ = {
			isa = XCBuildConfiguration;
			buildSettings = {
				ALWAYS_EMBED_SWIFT_STANDARD_LIBRARIES = YES;
				BUNDLE_LOADER = "$(TEST_HOST)";
				CODE_SIGN_STYLE = Automatic;
				CURRENT_PROJECT_VERSION = 1;
				DEVELOPMENT_TEAM = CP92CMD5E4;
				GENERATE_INFOPLIST_FILE = YES;
				IPHONEOS_DEPLOYMENT_TARGET = 15.0;
				MARKETING_VERSION = 1.0;
				PRODUCT_BUNDLE_IDENTIFIER = com.Basel.MyChallengeTests;
				PRODUCT_NAME = "$(TARGET_NAME)";
				SWIFT_EMIT_LOC_STRINGS = NO;
				SWIFT_VERSION = 5.0;
				TARGETED_DEVICE_FAMILY = "1,2";
				TEST_HOST = "$(BUILT_PRODUCTS_DIR)/MyChallenge.app/$(BUNDLE_EXECUTABLE_FOLDER_PATH)/MyChallenge";
			};
			name = Release;
		};
/* End XCBuildConfiguration section */

/* Begin XCConfigurationList section */
		FD7EDE832C8A091B00050241 /* Build configuration list for PBXProject "MyChallenge" */ = {
			isa = XCConfigurationList;
			buildConfigurations = (
				FD7EDEAA2C8A091D00050241 /* Debug */,
				FD7EDEAB2C8A091D00050241 /* Release */,
			);
			defaultConfigurationIsVisible = 0;
			defaultConfigurationName = Release;
		};
		FD7EDEAC2C8A091D00050241 /* Build configuration list for PBXNativeTarget "MyChallenge" */ = {
			isa = XCConfigurationList;
			buildConfigurations = (
				FD7EDEAD2C8A091D00050241 /* Debug */,
				FD7EDEAE2C8A091D00050241 /* Release */,
			);
			defaultConfigurationIsVisible = 0;
			defaultConfigurationName = Release;
		};
		FD7EDEAF2C8A091D00050241 /* Build configuration list for PBXNativeTarget "MyChallengeTests" */ = {
			isa = XCConfigurationList;
			buildConfigurations = (
				FD7EDEB02C8A091D00050241 /* Debug */,
				FD7EDEB12C8A091D00050241 /* Release */,
			);
			defaultConfigurationIsVisible = 0;
			defaultConfigurationName = Release;
		};
/* End XCConfigurationList section */

/* Begin XCRemoteSwiftPackageReference section */
		FD7EDEE52C8A275900050241 /* XCRemoteSwiftPackageReference "Swinject" */ = {
			isa = XCRemoteSwiftPackageReference;
			repositoryURL = "https://github.com/Swinject/Swinject.git";
			requirement = {
				kind = upToNextMajorVersion;
				minimumVersion = 2.9.1;
			};
		};
		FD7EDF082C8B54ED00050241 /* XCRemoteSwiftPackageReference "Kingfisher" */ = {
			isa = XCRemoteSwiftPackageReference;
			repositoryURL = "https://github.com/onevcat/Kingfisher.git";
			requirement = {
				kind = upToNextMajorVersion;
				minimumVersion = 7.12.0;
			};
		};
		FD7EDF1A2C8CB3D600050241 /* XCRemoteSwiftPackageReference "realm-swift" */ = {
			isa = XCRemoteSwiftPackageReference;
			repositoryURL = "https://github.com/realm/realm-swift.git";
			requirement = {
				branch = master;
				kind = branch;
			};
		};
		FD7EDF2E2C8E07F500050241 /* XCRemoteSwiftPackageReference "NavigationBackport" */ = {
			isa = XCRemoteSwiftPackageReference;
			repositoryURL = "https://github.com/johnpatrickmorgan/NavigationBackport.git";
			requirement = {
				kind = upToNextMajorVersion;
				minimumVersion = 0.9.6;
			};
		};
/* End XCRemoteSwiftPackageReference section */

/* Begin XCSwiftPackageProductDependency section */
		FD7EDEE62C8A275900050241 /* Swinject */ = {
			isa = XCSwiftPackageProductDependency;
			package = FD7EDEE52C8A275900050241 /* XCRemoteSwiftPackageReference "Swinject" */;
			productName = Swinject;
		};
		FD7EDF0A2C8B555200050241 /* Kingfisher */ = {
			isa = XCSwiftPackageProductDependency;
			package = FD7EDF082C8B54ED00050241 /* XCRemoteSwiftPackageReference "Kingfisher" */;
			productName = Kingfisher;
		};
		FD7EDF1D2C8CB3D600050241 /* RealmSwift */ = {
			isa = XCSwiftPackageProductDependency;
			package = FD7EDF1A2C8CB3D600050241 /* XCRemoteSwiftPackageReference "realm-swift" */;
			productName = RealmSwift;
		};
		FD7EDF2A2C8CC24F00050241 /* RealmSwift */ = {
			isa = XCSwiftPackageProductDependency;
			package = FD7EDF1A2C8CB3D600050241 /* XCRemoteSwiftPackageReference "realm-swift" */;
			productName = RealmSwift;
		};
		FD7EDF2F2C8E083F00050241 /* NavigationBackport */ = {
			isa = XCSwiftPackageProductDependency;
			package = FD7EDF2E2C8E07F500050241 /* XCRemoteSwiftPackageReference "NavigationBackport" */;
			productName = NavigationBackport;
		};
/* End XCSwiftPackageProductDependency section */
	};
	rootObject = FD7EDE802C8A091B00050241 /* Project object */;
}
